schema: '2.0'
stages:
  train_model:
    cmd: python train_model.py
    deps:
    - path: data/cleaned_grocery_churn_data.csv
      hash: md5
      md5: cb9c35269d34d6a10df47f67a95a99da
      size: 13983043
    - path: train_model.py
      hash: md5
      md5: eec9b29418e1ff1d9d3dc3ddd6a523ad
      size: 4528
    outs:
    - path: models/churn_model.pkl
      hash: md5
      md5: df7bb78e6cba6cd044c4408335f0aaed
      size: 756277
    - path: models/model_features.csv
      hash: md5
      md5: d92377180c43622c44a36a7f5619ec6d
      size: 880
    - path: models/scaler.pkl
      hash: md5
      md5: 137bf8c55a995487b951740c8fe203d3
      size: 1463
    - path: reports/churn_distribution.png
      hash: md5
      md5: 4fb9df3fffd77ca97043c63700c559b2
      size: 12179
    - path: reports/correlation_matrix.png
      hash: md5
      md5: 114a5d56053f91ca3842f05b82255c34
      size: 186247
