schema: '2.0'
stages:
  train_model:
    cmd: python train_model.py
    deps:
    - path: data/cleaned_grocery_churn_data.csv
      hash: md5
      md5: cb9c35269d34d6a10df47f67a95a99da
      size: 13983043
    - path: train_model.py
      hash: md5
      md5: 94c242cbe6cd71fd6618c1229dd1eab0
      size: 4544
    outs:
    - path: models/churn_model.pkl
      hash: md5
      md5: df7bb78e6cba6cd044c4408335f0aaed
      size: 756277
    - path: models/model_features.csv
      hash: md5
      md5: 43699c5c5c67bcd75eea4de0f39c75f4
      size: 878
    - path: models/scaler.pkl
      hash: md5
      md5: 47f508900ef4eedc7dfc883c66903e19
      size: 1559
    - path: reports/churn_distribution.png
      hash: md5
      md5: 4fb9df3fffd77ca97043c63700c559b2
      size: 12179
    - path: reports/correlation_matrix.png
      hash: md5
      md5: 114a5d56053f91ca3842f05b82255c34
      size: 186247
